
Microsoft Visual Studio Solution File, Format Version 12.00
Project("{FAE04EC0-301F-11D3-BF4B-00C04F79EFBC}") = "VehicleRoutingValidator", "VehicleRoutingValidator\VehicleRoutingValidator.csproj", "{A15DECE8-19E7-4F10-90A4-9BDCA3E04876}"
EndProject
Project("{FAE04EC0-301F-11D3-BF4B-00C04F79EFBC}") = "VehicleRoutingValidator.Tests", "VehicleRoutingValidator.Tests\VehicleRoutingValidator.Tests.csproj", "{B56C9C0B-0317-43FD-8E16-E2E57A6A8548}"
EndProject
Global
	GlobalSection(SolutionConfigurationPlatforms) = preSolution
		Debug|Any CPU = Debug|Any CPU
		Release|Any CPU = Release|Any CPU
	EndGlobalSection
	GlobalSection(ProjectConfigurationPlatforms) = postSolution
		{A15DECE8-19E7-4F10-90A4-9BDCA3E04876}.Debug|Any CPU.ActiveCfg = Debug|Any CPU
		{A15DECE8-19E7-4F10-90A4-9BDCA3E04876}.Debug|Any CPU.Build.0 = Debug|Any CPU
		{A15DECE8-19E7-4F10-90A4-9BDCA3E04876}.Release|Any CPU.ActiveCfg = Release|Any CPU
		{A15DECE8-19E7-4F10-90A4-9BDCA3E04876}.Release|Any CPU.Build.0 = Release|Any CPU
		{B56C9C0B-0317-43FD-8E16-E2E57A6A8548}.Debug|Any CPU.ActiveCfg = Debug|Any CPU
		{B56C9C0B-0317-43FD-8E16-E2E57A6A8548}.Debug|Any CPU.Build.0 = Debug|Any CPU
		{B56C9C0B-0317-43FD-8E16-E2E57A6A8548}.Release|Any CPU.ActiveCfg = Release|Any CPU
		{B56C9C0B-0317-43FD-8E16-E2E57A6A8548}.Release|Any CPU.Build.0 = Release|Any CPU
	EndGlobalSection
EndGlobal
